// !$*UTF8*$!
{
	archiveVersion = 1;
	classes = {
	};
	objectVersion = 54;
	objects = {

/* Begin PBXBuildFile section */
		0D4B142F2C6FF8D500A7B4C8 /* wrong-answer-129254.mp3 in Resources */ = {isa = PBXBuildFile; fileRef = 0D4B14282C6FF8D500A7B4C8 /* wrong-answer-129254.mp3 */; };
		0D4B14302C6FF8D500A7B4C8 /* wrong-47985.mp3 in Resources */ = {isa = PBXBuildFile; fileRef = 0D4B14292C6FF8D500A7B4C8 /* wrong-47985.mp3 */; };
		0D4B14312C6FF8D500A7B4C8 /* correct-156911.mp3 in Resources */ = {isa = PBXBuildFile; fileRef = 0D4B142A2C6FF8D500A7B4C8 /* correct-156911.mp3 */; };
		0D4B14322C6FF8D500A7B4C8 /* clock-alarm-8761.mp3 in Resources */ = {isa = PBXBuildFile; fileRef = 0D4B142B2C6FF8D500A7B4C8 /* clock-alarm-8761.mp3 */; };
		0D4B14332C6FF8D500A7B4C8 /* negative_beeps-6008.mp3 in Resources */ = {isa = PBXBuildFile; fileRef = 0D4B142C2C6FF8D500A7B4C8 /* negative_beeps-6008.mp3 */; };
		0D4B14342C6FF8D500A7B4C8 /* second-hand-149907.mp3 in Resources */ = {isa = PBXBuildFile; fileRef = 0D4B142D2C6FF8D500A7B4C8 /* second-hand-149907.mp3 */; };
		0D4B14352C6FF8D500A7B4C8 /* WiiSports-BoxingResultsMusic.mp3 in Resources */ = {isa = PBXBuildFile; fileRef = 0D4B142E2C6FF8D500A7B4C8 /* WiiSports-BoxingResultsMusic.mp3 */; };
		0D4FB7732C6CF1D3004F764C /* AppDelegate.swift in Sources */ = {isa = PBXBuildFile; fileRef = 0D4FB7722C6CF1D3004F764C /* AppDelegate.swift */; };
		0D4FB7752C6CF1D3004F764C /* SceneDelegate.swift in Sources */ = {isa = PBXBuildFile; fileRef = 0D4FB7742C6CF1D3004F764C /* SceneDelegate.swift */; };
		0D4FB7772C6CF1D3004F764C /* ViewController.swift in Sources */ = {isa = PBXBuildFile; fileRef = 0D4FB7762C6CF1D3004F764C /* ViewController.swift */; };
		0D4FB77A2C6CF1D3004F764C /* Main.storyboard in Resources */ = {isa = PBXBuildFile; fileRef = 0D4FB7782C6CF1D3004F764C /* Main.storyboard */; };
		0D4FB77C2C6CF1D4004F764C /* Assets.xcassets in Resources */ = {isa = PBXBuildFile; fileRef = 0D4FB77B2C6CF1D4004F764C /* Assets.xcassets */; };
		0D4FB77F2C6CF1D4004F764C /* LaunchScreen.storyboard in Resources */ = {isa = PBXBuildFile; fileRef = 0D4FB77D2C6CF1D4004F764C /* LaunchScreen.storyboard */; };
		0D4FB7872C6D0E7C004F764C /* SplashWindowViewController.swift in Sources */ = {isa = PBXBuildFile; fileRef = 0D4FB7862C6D0E7C004F764C /* SplashWindowViewController.swift */; };
		0DA7740D2C6E846600E60F2F /* quiz_w.png in Resources */ = {isa = PBXBuildFile; fileRef = 0DA774072C6E846600E60F2F /* quiz_w.png */; };
		0DA7740E2C6E846600E60F2F /* MTLogo.jpg in Resources */ = {isa = PBXBuildFile; fileRef = 0DA774082C6E846600E60F2F /* MTLogo.jpg */; };
		0DA7740F2C6E846600E60F2F /* bg-removebg-preview.png in Resources */ = {isa = PBXBuildFile; fileRef = 0DA774092C6E846600E60F2F /* bg-removebg-preview.png */; };
		0DA774102C6E846600E60F2F /* avatar0.png in Resources */ = {isa = PBXBuildFile; fileRef = 0DA7740B2C6E846600E60F2F /* avatar0.png */; };
		0DA774112C6E846600E60F2F /* quiz.png in Resources */ = {isa = PBXBuildFile; fileRef = 0DA7740C2C6E846600E60F2F /* quiz.png */; };
		0DB6AB632C6D1359009D8E89 /* MenuViewController.swift in Sources */ = {isa = PBXBuildFile; fileRef = 0DB6AB622C6D1359009D8E89 /* MenuViewController.swift */; };
		0DB6AB652C6D1386009D8E89 /* RecordsViewController.swift in Sources */ = {isa = PBXBuildFile; fileRef = 0DB6AB642C6D1386009D8E89 /* RecordsViewController.swift */; };
		0DB6AB672C6D1392009D8E89 /* InfoViewController.swift in Sources */ = {isa = PBXBuildFile; fileRef = 0DB6AB662C6D1392009D8E89 /* InfoViewController.swift */; };
		0DB6AB692C6D139E009D8E89 /* GameViewController.swift in Sources */ = {isa = PBXBuildFile; fileRef = 0DB6AB682C6D139E009D8E89 /* GameViewController.swift */; };
		0DB6AB6D2C6D1834009D8E89 /* AVFoundation.framework in Frameworks */ = {isa = PBXBuildFile; fileRef = 0DB6AB6B2C6D1834009D8E89 /* AVFoundation.framework */; };
		0DB6AB6E2C6D1834009D8E89 /* AVKit.framework in Frameworks */ = {isa = PBXBuildFile; fileRef = 0DB6AB6C2C6D1834009D8E89 /* AVKit.framework */; };
		0DB6AB702C6D24B8009D8E89 /* StartViewController.swift in Sources */ = {isa = PBXBuildFile; fileRef = 0DB6AB6F2C6D24B8009D8E89 /* StartViewController.swift */; };
		0DB6AB8A2C6D49BA009D8E89 /* Player.swift in Sources */ = {isa = PBXBuildFile; fileRef = 0DB6AB892C6D49BA009D8E89 /* Player.swift */; };
		0DB6AB8C2C6D4CFC009D8E89 /* Question.swift in Sources */ = {isa = PBXBuildFile; fileRef = 0DB6AB8B2C6D4CFC009D8E89 /* Question.swift */; };
		0DB6AB8E2C6D5339009D8E89 /* questions.json in Resources */ = {isa = PBXBuildFile; fileRef = 0DB6AB8D2C6D5339009D8E89 /* questions.json */; };
		0DB6AB902C6D53C8009D8E89 /* QuestionLoader.swift in Sources */ = {isa = PBXBuildFile; fileRef = 0DB6AB8F2C6D53C8009D8E89 /* QuestionLoader.swift */; };
		0DB6AB962C6D575B009D8E89 /* Game.swift in Sources */ = {isa = PBXBuildFile; fileRef = 0DB6AB952C6D575B009D8E89 /* Game.swift */; };
		0DB6AB992C6D60E2009D8E89 /* SoundManager.swift in Sources */ = {isa = PBXBuildFile; fileRef = 0DB6AB982C6D60E2009D8E89 /* SoundManager.swift */; };
		0DB6AB9B2C6D60FE009D8E89 /* TimerManager.swift in Sources */ = {isa = PBXBuildFile; fileRef = 0DB6AB9A2C6D60FE009D8E89 /* TimerManager.swift */; };
/* End PBXBuildFile section */

/* Begin PBXFileReference section */
		0D4B14282C6FF8D500A7B4C8 /* wrong-answer-129254.mp3 */ = {isa = PBXFileReference; lastKnownFileType = audio.mp3; path = "wrong-answer-129254.mp3"; sourceTree = "<group>"; };
		0D4B14292C6FF8D500A7B4C8 /* wrong-47985.mp3 */ = {isa = PBXFileReference; lastKnownFileType = audio.mp3; path = "wrong-47985.mp3"; sourceTree = "<group>"; };
		0D4B142A2C6FF8D500A7B4C8 /* correct-156911.mp3 */ = {isa = PBXFileReference; lastKnownFileType = audio.mp3; path = "correct-156911.mp3"; sourceTree = "<group>"; };
		0D4B142B2C6FF8D500A7B4C8 /* clock-alarm-8761.mp3 */ = {isa = PBXFileReference; lastKnownFileType = audio.mp3; path = "clock-alarm-8761.mp3"; sourceTree = "<group>"; };
		0D4B142C2C6FF8D500A7B4C8 /* negative_beeps-6008.mp3 */ = {isa = PBXFileReference; lastKnownFileType = audio.mp3; path = "negative_beeps-6008.mp3"; sourceTree = "<group>"; };
		0D4B142D2C6FF8D500A7B4C8 /* second-hand-149907.mp3 */ = {isa = PBXFileReference; lastKnownFileType = audio.mp3; path = "second-hand-149907.mp3"; sourceTree = "<group>"; };
		0D4B142E2C6FF8D500A7B4C8 /* WiiSports-BoxingResultsMusic.mp3 */ = {isa = PBXFileReference; lastKnownFileType = audio.mp3; path = "WiiSports-BoxingResultsMusic.mp3"; sourceTree = "<group>"; };
		0D4FB76F2C6CF1D3004F764C /* TRIVIA.app */ = {isa = PBXFileReference; explicitFileType = wrapper.application; includeInIndex = 0; path = TRIVIA.app; sourceTree = BUILT_PRODUCTS_DIR; };
		0D4FB7722C6CF1D3004F764C /* AppDelegate.swift */ = {isa = PBXFileReference; lastKnownFileType = sourcecode.swift; path = AppDelegate.swift; sourceTree = "<group>"; };
		0D4FB7742C6CF1D3004F764C /* SceneDelegate.swift */ = {isa = PBXFileReference; lastKnownFileType = sourcecode.swift; path = SceneDelegate.swift; sourceTree = "<group>"; };
		0D4FB7762C6CF1D3004F764C /* ViewController.swift */ = {isa = PBXFileReference; lastKnownFileType = sourcecode.swift; path = ViewController.swift; sourceTree = "<group>"; };
		0D4FB7792C6CF1D3004F764C /* Base */ = {isa = PBXFileReference; lastKnownFileType = file.storyboard; name = Base; path = Base.lproj/Main.storyboard; sourceTree = "<group>"; };
		0D4FB77B2C6CF1D4004F764C /* Assets.xcassets */ = {isa = PBXFileReference; lastKnownFileType = folder.assetcatalog; path = Assets.xcassets; sourceTree = "<group>"; };
		0D4FB77E2C6CF1D4004F764C /* Base */ = {isa = PBXFileReference; lastKnownFileType = file.storyboard; name = Base; path = Base.lproj/LaunchScreen.storyboard; sourceTree = "<group>"; };
		0D4FB7802C6CF1D4004F764C /* Info.plist */ = {isa = PBXFileReference; lastKnownFileType = text.plist.xml; path = Info.plist; sourceTree = "<group>"; };
		0D4FB7862C6D0E7C004F764C /* SplashWindowViewController.swift */ = {isa = PBXFileReference; lastKnownFileType = sourcecode.swift; path = SplashWindowViewController.swift; sourceTree = "<group>"; };
		0DA774072C6E846600E60F2F /* quiz_w.png */ = {isa = PBXFileReference; lastKnownFileType = image.png; path = quiz_w.png; sourceTree = "<group>"; };
		0DA774082C6E846600E60F2F /* MTLogo.jpg */ = {isa = PBXFileReference; lastKnownFileType = image.jpeg; path = MTLogo.jpg; sourceTree = "<group>"; };
		0DA774092C6E846600E60F2F /* bg-removebg-preview.png */ = {isa = PBXFileReference; lastKnownFileType = image.png; path = "bg-removebg-preview.png"; sourceTree = "<group>"; };
		0DA7740B2C6E846600E60F2F /* avatar0.png */ = {isa = PBXFileReference; lastKnownFileType = image.png; path = avatar0.png; sourceTree = "<group>"; };
		0DA7740C2C6E846600E60F2F /* quiz.png */ = {isa = PBXFileReference; lastKnownFileType = image.png; path = quiz.png; sourceTree = "<group>"; };
		0DB6AB622C6D1359009D8E89 /* MenuViewController.swift */ = {isa = PBXFileReference; lastKnownFileType = sourcecode.swift; path = MenuViewController.swift; sourceTree = "<group>"; };
		0DB6AB642C6D1386009D8E89 /* RecordsViewController.swift */ = {isa = PBXFileReference; lastKnownFileType = sourcecode.swift; path = RecordsViewController.swift; sourceTree = "<group>"; };
		0DB6AB662C6D1392009D8E89 /* InfoViewController.swift */ = {isa = PBXFileReference; lastKnownFileType = sourcecode.swift; path = InfoViewController.swift; sourceTree = "<group>"; };
		0DB6AB682C6D139E009D8E89 /* GameViewController.swift */ = {isa = PBXFileReference; lastKnownFileType = sourcecode.swift; path = GameViewController.swift; sourceTree = "<group>"; };
		0DB6AB6B2C6D1834009D8E89 /* AVFoundation.framework */ = {isa = PBXFileReference; lastKnownFileType = wrapper.framework; name = AVFoundation.framework; path = System/Library/Frameworks/AVFoundation.framework; sourceTree = SDKROOT; };
		0DB6AB6C2C6D1834009D8E89 /* AVKit.framework */ = {isa = PBXFileReference; lastKnownFileType = wrapper.framework; name = AVKit.framework; path = System/Library/Frameworks/AVKit.framework; sourceTree = SDKROOT; };
		0DB6AB6F2C6D24B8009D8E89 /* StartViewController.swift */ = {isa = PBXFileReference; lastKnownFileType = sourcecode.swift; path = StartViewController.swift; sourceTree = "<group>"; };
		0DB6AB892C6D49BA009D8E89 /* Player.swift */ = {isa = PBXFileReference; lastKnownFileType = sourcecode.swift; path = Player.swift; sourceTree = "<group>"; };
		0DB6AB8B2C6D4CFC009D8E89 /* Question.swift */ = {isa = PBXFileReference; lastKnownFileType = sourcecode.swift; path = Question.swift; sourceTree = "<group>"; };
		0DB6AB8D2C6D5339009D8E89 /* questions.json */ = {isa = PBXFileReference; fileEncoding = 4; lastKnownFileType = text.json; name = questions.json; path = ../../questions.json; sourceTree = "<group>"; };
		0DB6AB8F2C6D53C8009D8E89 /* QuestionLoader.swift */ = {isa = PBXFileReference; lastKnownFileType = sourcecode.swift; path = QuestionLoader.swift; sourceTree = "<group>"; };
		0DB6AB952C6D575B009D8E89 /* Game.swift */ = {isa = PBXFileReference; lastKnownFileType = sourcecode.swift; name = Game.swift; path = Questions/Game.swift; sourceTree = "<group>"; };
		0DB6AB982C6D60E2009D8E89 /* SoundManager.swift */ = {isa = PBXFileReference; lastKnownFileType = sourcecode.swift; path = SoundManager.swift; sourceTree = "<group>"; };
		0DB6AB9A2C6D60FE009D8E89 /* TimerManager.swift */ = {isa = PBXFileReference; lastKnownFileType = sourcecode.swift; path = TimerManager.swift; sourceTree = "<group>"; };
/* End PBXFileReference section */

/* Begin PBXFrameworksBuildPhase section */
		0D4FB76C2C6CF1D3004F764C /* Frameworks */ = {
			isa = PBXFrameworksBuildPhase;
			buildActionMask = 2147483647;
			files = (
				0DB6AB6E2C6D1834009D8E89 /* AVKit.framework in Frameworks */,
				0DB6AB6D2C6D1834009D8E89 /* AVFoundation.framework in Frameworks */,
			);
			runOnlyForDeploymentPostprocessing = 0;
		};
/* End PBXFrameworksBuildPhase section */

/* Begin PBXGroup section */
		0D4B14272C6FF8D500A7B4C8 /* Audio-TRIVIA */ = {
			isa = PBXGroup;
			children = (
				0D4B14282C6FF8D500A7B4C8 /* wrong-answer-129254.mp3 */,
				0D4B14292C6FF8D500A7B4C8 /* wrong-47985.mp3 */,
				0D4B142A2C6FF8D500A7B4C8 /* correct-156911.mp3 */,
				0D4B142B2C6FF8D500A7B4C8 /* clock-alarm-8761.mp3 */,
				0D4B142C2C6FF8D500A7B4C8 /* negative_beeps-6008.mp3 */,
				0D4B142D2C6FF8D500A7B4C8 /* second-hand-149907.mp3 */,
				0D4B142E2C6FF8D500A7B4C8 /* WiiSports-BoxingResultsMusic.mp3 */,
			);
			name = "Audio-TRIVIA";
			path = "../../Audio-TRIVIA";
			sourceTree = "<group>";
		};
		0D4FB7662C6CF1D3004F764C = {
			isa = PBXGroup;
			children = (
				0D4FB7712C6CF1D3004F764C /* JUEGO */,
				0D4FB7702C6CF1D3004F764C /* Products */,
				0DB6AB6A2C6D1834009D8E89 /* Frameworks */,
			);
			sourceTree = "<group>";
		};
		0D4FB7702C6CF1D3004F764C /* Products */ = {
			isa = PBXGroup;
			children = (
				0D4FB76F2C6CF1D3004F764C /* TRIVIA.app */,
			);
			name = Products;
			sourceTree = "<group>";
		};
		0D4FB7712C6CF1D3004F764C /* JUEGO */ = {
			isa = PBXGroup;
			children = (
				0D4FB7722C6CF1D3004F764C /* AppDelegate.swift */,
				0D4FB7742C6CF1D3004F764C /* SceneDelegate.swift */,
				0D4FB77D2C6CF1D4004F764C /* LaunchScreen.storyboard */,
				0D4FB7782C6CF1D3004F764C /* Main.storyboard */,
				0D4FB77B2C6CF1D4004F764C /* Assets.xcassets */,
				0DB6AB8D2C6D5339009D8E89 /* questions.json */,
				0D4FB7802C6CF1D4004F764C /* Info.plist */,
				0DB6AB882C6D496E009D8E89 /* Views */,
				0DB6AB912C6D54CB009D8E89 /* Models */,
				0DB6AB972C6D603A009D8E89 /* Managers */,
				0DA774062C6E846600E60F2F /* Resources-Trivia */,
				0D4B14272C6FF8D500A7B4C8 /* Audio-TRIVIA */,
			);
			path = JUEGO;
			sourceTree = "<group>";
		};
		0DA774062C6E846600E60F2F /* Resources-Trivia */ = {
			isa = PBXGroup;
			children = (
				0DA774072C6E846600E60F2F /* quiz_w.png */,
				0DA774082C6E846600E60F2F /* MTLogo.jpg */,
				0DA774092C6E846600E60F2F /* bg-removebg-preview.png */,
				0DA7740C2C6E846600E60F2F /* quiz.png */,
				0DA7740A2C6E846600E60F2F /* Avatars */,
			);
			name = "Resources-Trivia";
			path = "../../Resources-Trivia";
			sourceTree = "<group>";
		};
		0DA7740A2C6E846600E60F2F /* Avatars */ = {
			isa = PBXGroup;
			children = (
				0DA7740B2C6E846600E60F2F /* avatar0.png */,
			);
			path = Avatars;
			sourceTree = "<group>";
		};
		0DB6AB6A2C6D1834009D8E89 /* Frameworks */ = {
			isa = PBXGroup;
			children = (
				0DB6AB6B2C6D1834009D8E89 /* AVFoundation.framework */,
				0DB6AB6C2C6D1834009D8E89 /* AVKit.framework */,
			);
			name = Frameworks;
			sourceTree = "<group>";
		};
		0DB6AB882C6D496E009D8E89 /* Views */ = {
			isa = PBXGroup;
			children = (
				0D4FB7862C6D0E7C004F764C /* SplashWindowViewController.swift */,
				0D4FB7762C6CF1D3004F764C /* ViewController.swift */,
				0DB6AB622C6D1359009D8E89 /* MenuViewController.swift */,
				0DB6AB6F2C6D24B8009D8E89 /* StartViewController.swift */,
				0DB6AB682C6D139E009D8E89 /* GameViewController.swift */,
				0DB6AB642C6D1386009D8E89 /* RecordsViewController.swift */,
				0DB6AB662C6D1392009D8E89 /* InfoViewController.swift */,
			);
			path = Views;
			sourceTree = "<group>";
		};
		0DB6AB912C6D54CB009D8E89 /* Models */ = {
			isa = PBXGroup;
			children = (
				0DB6AB892C6D49BA009D8E89 /* Player.swift */,
				0DB6AB952C6D575B009D8E89 /* Game.swift */,
				0DB6AB922C6D54D2009D8E89 /* Questions */,
			);
			path = Models;
			sourceTree = "<group>";
		};
		0DB6AB922C6D54D2009D8E89 /* Questions */ = {
			isa = PBXGroup;
			children = (
				0DB6AB8B2C6D4CFC009D8E89 /* Question.swift */,
				0DB6AB8F2C6D53C8009D8E89 /* QuestionLoader.swift */,
			);
			path = Questions;
			sourceTree = "<group>";
		};
		0DB6AB972C6D603A009D8E89 /* Managers */ = {
			isa = PBXGroup;
			children = (
				0DB6AB982C6D60E2009D8E89 /* SoundManager.swift */,
				0DB6AB9A2C6D60FE009D8E89 /* TimerManager.swift */,
			);
			path = Managers;
			sourceTree = "<group>";
		};
/* End PBXGroup section */

/* Begin PBXNativeTarget section */
		0D4FB76E2C6CF1D3004F764C /* TRIVIA */ = {
			isa = PBXNativeTarget;
			buildConfigurationList = 0D4FB7832C6CF1D4004F764C /* Build configuration list for PBXNativeTarget "TRIVIA" */;
			buildPhases = (
				0D4FB76B2C6CF1D3004F764C /* Sources */,
				0D4FB76C2C6CF1D3004F764C /* Frameworks */,
				0D4FB76D2C6CF1D3004F764C /* Resources */,
			);
			buildRules = (
			);
			dependencies = (
			);
			name = TRIVIA;
			productName = JUEGO;
			productReference = 0D4FB76F2C6CF1D3004F764C /* TRIVIA.app */;
			productType = "com.apple.product-type.application";
		};
/* End PBXNativeTarget section */

/* Begin PBXProject section */
		0D4FB7672C6CF1D3004F764C /* Project object */ = {
			isa = PBXProject;
			attributes = {
				BuildIndependentTargetsInParallel = 1;
				LastSwiftUpdateCheck = 1420;
				LastUpgradeCheck = 1420;
				TargetAttributes = {
					0D4FB76E2C6CF1D3004F764C = {
						CreatedOnToolsVersion = 14.2;
					};
				};
			};
			buildConfigurationList = 0D4FB76A2C6CF1D3004F764C /* Build configuration list for PBXProject "TRIVIA" */;
			compatibilityVersion = "Xcode 12.0";
			developmentRegion = en;
			hasScannedForEncodings = 0;
			knownRegions = (
				en,
				Base,
			);
			mainGroup = 0D4FB7662C6CF1D3004F764C;
			productRefGroup = 0D4FB7702C6CF1D3004F764C /* Products */;
			projectDirPath = "";
			projectRoot = "";
			targets = (
				0D4FB76E2C6CF1D3004F764C /* TRIVIA */,
			);
		};
/* End PBXProject section */

/* Begin PBXResourcesBuildPhase section */
		0D4FB76D2C6CF1D3004F764C /* Resources */ = {
			isa = PBXResourcesBuildPhase;
			buildActionMask = 2147483647;
			files = (
				0D4FB77F2C6CF1D4004F764C /* LaunchScreen.storyboard in Resources */,
				0DB6AB8E2C6D5339009D8E89 /* questions.json in Resources */,
				0D4B14352C6FF8D500A7B4C8 /* WiiSports-BoxingResultsMusic.mp3 in Resources */,
				0DA774112C6E846600E60F2F /* quiz.png in Resources */,
				0D4B14332C6FF8D500A7B4C8 /* negative_beeps-6008.mp3 in Resources */,
				0D4FB77C2C6CF1D4004F764C /* Assets.xcassets in Resources */,
				0DA7740D2C6E846600E60F2F /* quiz_w.png in Resources */,
				0DA7740F2C6E846600E60F2F /* bg-removebg-preview.png in Resources */,
				0D4B14312C6FF8D500A7B4C8 /* correct-156911.mp3 in Resources */,
				0DA774102C6E846600E60F2F /* avatar0.png in Resources */,
				0D4B14342C6FF8D500A7B4C8 /* second-hand-149907.mp3 in Resources */,
				0D4B14302C6FF8D500A7B4C8 /* wrong-47985.mp3 in Resources */,
				0D4FB77A2C6CF1D3004F764C /* Main.storyboard in Resources */,
				0D4B14322C6FF8D500A7B4C8 /* clock-alarm-8761.mp3 in Resources */,
				0DA7740E2C6E846600E60F2F /* MTLogo.jpg in Resources */,
				0D4B142F2C6FF8D500A7B4C8 /* wrong-answer-129254.mp3 in Resources */,
			);
			runOnlyForDeploymentPostprocessing = 0;
		};
/* End PBXResourcesBuildPhase section */

/* Begin PBXSourcesBuildPhase section */
		0D4FB76B2C6CF1D3004F764C /* Sources */ = {
			isa = PBXSourcesBuildPhase;
			buildActionMask = 2147483647;
			files = (
				0D4FB7772C6CF1D3004F764C /* ViewController.swift in Sources */,
				0DB6AB632C6D1359009D8E89 /* MenuViewController.swift in Sources */,
				0D4FB7732C6CF1D3004F764C /* AppDelegate.swift in Sources */,
				0DB6AB962C6D575B009D8E89 /* Game.swift in Sources */,
				0DB6AB672C6D1392009D8E89 /* InfoViewController.swift in Sources */,
				0DB6AB992C6D60E2009D8E89 /* SoundManager.swift in Sources */,
				0DB6AB9B2C6D60FE009D8E89 /* TimerManager.swift in Sources */,
				0DB6AB692C6D139E009D8E89 /* GameViewController.swift in Sources */,
				0DB6AB702C6D24B8009D8E89 /* StartViewController.swift in Sources */,
				0DB6AB902C6D53C8009D8E89 /* QuestionLoader.swift in Sources */,
				0D4FB7872C6D0E7C004F764C /* SplashWindowViewController.swift in Sources */,
				0D4FB7752C6CF1D3004F764C /* SceneDelegate.swift in Sources */,
				0DB6AB8A2C6D49BA009D8E89 /* Player.swift in Sources */,
				0DB6AB8C2C6D4CFC009D8E89 /* Question.swift in Sources */,
				0DB6AB652C6D1386009D8E89 /* RecordsViewController.swift in Sources */,
			);
			runOnlyForDeploymentPostprocessing = 0;
		};
/* End PBXSourcesBuildPhase section */

/* Begin PBXVariantGroup section */
		0D4FB7782C6CF1D3004F764C /* Main.storyboard */ = {
			isa = PBXVariantGroup;
			children = (
				0D4FB7792C6CF1D3004F764C /* Base */,
			);
			name = Main.storyboard;
			sourceTree = "<group>";
		};
		0D4FB77D2C6CF1D4004F764C /* LaunchScreen.storyboard */ = {
			isa = PBXVariantGroup;
			children = (
				0D4FB77E2C6CF1D4004F764C /* Base */,
			);
			name = LaunchScreen.storyboard;
			sourceTree = "<group>";
		};
/* End PBXVariantGroup section */

/* Begin XCBuildConfiguration section */
		0D4FB7812C6CF1D4004F764C /* Debug */ = {
			isa = XCBuildConfiguration;
			buildSettings = {
				ALWAYS_SEARCH_USER_PATHS = NO;
				CLANG_ANALYZER_NONNULL = YES;
				CLANG_ANALYZER_NUMBER_OBJECT_CONVERSION = YES_AGGRESSIVE;
				CLANG_CXX_LANGUAGE_STANDARD = "gnu++20";
				CLANG_ENABLE_MODULES = YES;
				CLANG_ENABLE_OBJC_ARC = YES;
				CLANG_ENABLE_OBJC_WEAK = YES;
				CLANG_WARN_BLOCK_CAPTURE_AUTORELEASING = YES;
				CLANG_WARN_BOOL_CONVERSION = YES;
				CLANG_WARN_COMMA = YES;
				CLANG_WARN_CONSTANT_CONVERSION = YES;
				CLANG_WARN_DEPRECATED_OBJC_IMPLEMENTATIONS = YES;
				CLANG_WARN_DIRECT_OBJC_ISA_USAGE = YES_ERROR;
				CLANG_WARN_DOCUMENTATION_COMMENTS = YES;
				CLANG_WARN_EMPTY_BODY = YES;
				CLANG_WARN_ENUM_CONVERSION = YES;
				CLANG_WARN_INFINITE_RECURSION = YES;
				CLANG_WARN_INT_CONVERSION = YES;
				CLANG_WARN_NON_LITERAL_NULL_CONVERSION = YES;
				CLANG_WARN_OBJC_IMPLICIT_RETAIN_SELF = YES;
				CLANG_WARN_OBJC_LITERAL_CONVERSION = YES;
				CLANG_WARN_OBJC_ROOT_CLASS = YES_ERROR;
				CLANG_WARN_QUOTED_INCLUDE_IN_FRAMEWORK_HEADER = YES;
				CLANG_WARN_RANGE_LOOP_ANALYSIS = YES;
				CLANG_WARN_STRICT_PROTOTYPES = YES;
				CLANG_WARN_SUSPICIOUS_MOVE = YES;
				CLANG_WARN_UNGUARDED_AVAILABILITY = YES_AGGRESSIVE;
				CLANG_WARN_UNREACHABLE_CODE = YES;
				CLANG_WARN__DUPLICATE_METHOD_MATCH = YES;
				COPY_PHASE_STRIP = NO;
				DEBUG_INFORMATION_FORMAT = dwarf;
				ENABLE_STRICT_OBJC_MSGSEND = YES;
				ENABLE_TESTABILITY = YES;
				GCC_C_LANGUAGE_STANDARD = gnu11;
				GCC_DYNAMIC_NO_PIC = NO;
				GCC_NO_COMMON_BLOCKS = YES;
				GCC_OPTIMIZATION_LEVEL = 0;
				GCC_PREPROCESSOR_DEFINITIONS = (
					"DEBUG=1",
					"$(inherited)",
				);
				GCC_WARN_64_TO_32_BIT_CONVERSION = YES;
				GCC_WARN_ABOUT_RETURN_TYPE = YES_ERROR;
				GCC_WARN_UNDECLARED_SELECTOR = YES;
				GCC_WARN_UNINITIALIZED_AUTOS = YES_AGGRESSIVE;
				GCC_WARN_UNUSED_FUNCTION = YES;
				GCC_WARN_UNUSED_VARIABLE = YES;
				IPHONEOS_DEPLOYMENT_TARGET = 16.2;
				MTL_ENABLE_DEBUG_INFO = INCLUDE_SOURCE;
				MTL_FAST_MATH = YES;
				ONLY_ACTIVE_ARCH = YES;
				SDKROOT = iphoneos;
				SWIFT_ACTIVE_COMPILATION_CONDITIONS = DEBUG;
				SWIFT_OPTIMIZATION_LEVEL = "-Onone";
			};
			name = Debug;
		};
		0D4FB7822C6CF1D4004F764C /* Release */ = {
			isa = XCBuildConfiguration;
			buildSettings = {
				ALWAYS_SEARCH_USER_PATHS = NO;
				CLANG_ANALYZER_NONNULL = YES;
				CLANG_ANALYZER_NUMBER_OBJECT_CONVERSION = YES_AGGRESSIVE;
				CLANG_CXX_LANGUAGE_STANDARD = "gnu++20";
				CLANG_ENABLE_MODULES = YES;
				CLANG_ENABLE_OBJC_ARC = YES;
				CLANG_ENABLE_OBJC_WEAK = YES;
				CLANG_WARN_BLOCK_CAPTURE_AUTORELEASING = YES;
				CLANG_WARN_BOOL_CONVERSION = YES;
				CLANG_WARN_COMMA = YES;
				CLANG_WARN_CONSTANT_CONVERSION = YES;
				CLANG_WARN_DEPRECATED_OBJC_IMPLEMENTATIONS = YES;
				CLANG_WARN_DIRECT_OBJC_ISA_USAGE = YES_ERROR;
				CLANG_WARN_DOCUMENTATION_COMMENTS = YES;
				CLANG_WARN_EMPTY_BODY = YES;
				CLANG_WARN_ENUM_CONVERSION = YES;
				CLANG_WARN_INFINITE_RECURSION = YES;
				CLANG_WARN_INT_CONVERSION = YES;
				CLANG_WARN_NON_LITERAL_NULL_CONVERSION = YES;
				CLANG_WARN_OBJC_IMPLICIT_RETAIN_SELF = YES;
				CLANG_WARN_OBJC_LITERAL_CONVERSION = YES;
				CLANG_WARN_OBJC_ROOT_CLASS = YES_ERROR;
				CLANG_WARN_QUOTED_INCLUDE_IN_FRAMEWORK_HEADER = YES;
				CLANG_WARN_RANGE_LOOP_ANALYSIS = YES;
				CLANG_WARN_STRICT_PROTOTYPES = YES;
				CLANG_WARN_SUSPICIOUS_MOVE = YES;
				CLANG_WARN_UNGUARDED_AVAILABILITY = YES_AGGRESSIVE;
				CLANG_WARN_UNREACHABLE_CODE = YES;
				CLANG_WARN__DUPLICATE_METHOD_MATCH = YES;
				COPY_PHASE_STRIP = NO;
				DEBUG_INFORMATION_FORMAT = "dwarf-with-dsym";
				ENABLE_NS_ASSERTIONS = NO;
				ENABLE_STRICT_OBJC_MSGSEND = YES;
				GCC_C_LANGUAGE_STANDARD = gnu11;
				GCC_NO_COMMON_BLOCKS = YES;
				GCC_WARN_64_TO_32_BIT_CONVERSION = YES;
				GCC_WARN_ABOUT_RETURN_TYPE = YES_ERROR;
				GCC_WARN_UNDECLARED_SELECTOR = YES;
				GCC_WARN_UNINITIALIZED_AUTOS = YES_AGGRESSIVE;
				GCC_WARN_UNUSED_FUNCTION = YES;
				GCC_WARN_UNUSED_VARIABLE = YES;
				IPHONEOS_DEPLOYMENT_TARGET = 16.2;
				MTL_ENABLE_DEBUG_INFO = NO;
				MTL_FAST_MATH = YES;
				SDKROOT = iphoneos;
				SWIFT_COMPILATION_MODE = wholemodule;
				SWIFT_OPTIMIZATION_LEVEL = "-O";
				VALIDATE_PRODUCT = YES;
			};
			name = Release;
		};
		0D4FB7842C6CF1D4004F764C /* Debug */ = {
			isa = XCBuildConfiguration;
			buildSettings = {
				ASSETCATALOG_COMPILER_APPICON_NAME = AppIcon;
				ASSETCATALOG_COMPILER_GLOBAL_ACCENT_COLOR_NAME = AccentColor;
				CODE_SIGN_STYLE = Automatic;
				CURRENT_PROJECT_VERSION = 1;
				GENERATE_INFOPLIST_FILE = YES;
				INFOPLIST_FILE = JUEGO/Info.plist;
				INFOPLIST_KEY_UIApplicationSupportsIndirectInputEvents = YES;
				INFOPLIST_KEY_UILaunchStoryboardName = LaunchScreen;
				INFOPLIST_KEY_UIMainStoryboardFile = Main;
				INFOPLIST_KEY_UISupportedInterfaceOrientations = UIInterfaceOrientationPortrait;
				INFOPLIST_KEY_UISupportedInterfaceOrientations_iPad = "UIInterfaceOrientationLandscapeLeft UIInterfaceOrientationLandscapeRight UIInterfaceOrientationPortrait UIInterfaceOrientationPortraitUpsideDown";
				IPHONEOS_DEPLOYMENT_TARGET = 16.2;
				LD_RUNPATH_SEARCH_PATHS = (
					"$(inherited)",
					"@executable_path/Frameworks",
				);
				MARKETING_VERSION = 1.0;
				PRODUCT_BUNDLE_IDENTIFIER = UTT.JUEGO;
				PRODUCT_NAME = "$(TARGET_NAME)";
				SUPPORTED_PLATFORMS = "iphoneos iphonesimulator";
				SUPPORTS_MACCATALYST = NO;
				SUPPORTS_MAC_DESIGNED_FOR_IPHONE_IPAD = YES;
				SWIFT_EMIT_LOC_STRINGS = YES;
				SWIFT_VERSION = 5.0;
				TARGETED_DEVICE_FAMILY = 1;
			};
			name = Debug;
		};
		0D4FB7852C6CF1D4004F764C /* Release */ = {
			isa = XCBuildConfiguration;
			buildSettings = {
				ASSETCATALOG_COMPILER_APPICON_NAME = AppIcon;
				ASSETCATALOG_COMPILER_GLOBAL_ACCENT_COLOR_NAME = AccentColor;
				CODE_SIGN_STYLE = Automatic;
				CURRENT_PROJECT_VERSION = 1;
				GENERATE_INFOPLIST_FILE = YES;
				INFOPLIST_FILE = JUEGO/Info.plist;
				INFOPLIST_KEY_UIApplicationSupportsIndirectInputEvents = YES;
				INFOPLIST_KEY_UILaunchStoryboardName = LaunchScreen;
				INFOPLIST_KEY_UIMainStoryboardFile = Main;
				INFOPLIST_KEY_UISupportedInterfaceOrientations = UIInterfaceOrientationPortrait;
				INFOPLIST_KEY_UISupportedInterfaceOrientations_iPad = "UIInterfaceOrientationLandscapeLeft UIInterfaceOrientationLandscapeRight UIInterfaceOrientationPortrait UIInterfaceOrientationPortraitUpsideDown";
				IPHONEOS_DEPLOYMENT_TARGET = 16.2;
				LD_RUNPATH_SEARCH_PATHS = (
					"$(inherited)",
					"@executable_path/Frameworks",
				);
				MARKETING_VERSION = 1.0;
				PRODUCT_BUNDLE_IDENTIFIER = UTT.JUEGO;
				PRODUCT_NAME = "$(TARGET_NAME)";
				SUPPORTED_PLATFORMS = "iphoneos iphonesimulator";
				SUPPORTS_MACCATALYST = NO;
				SUPPORTS_MAC_DESIGNED_FOR_IPHONE_IPAD = YES;
				SWIFT_EMIT_LOC_STRINGS = YES;
				SWIFT_VERSION = 5.0;
				TARGETED_DEVICE_FAMILY = 1;
			};
			name = Release;
		};
/* End XCBuildConfiguration section */

/* Begin XCConfigurationList section */
		0D4FB76A2C6CF1D3004F764C /* Build configuration list for PBXProject "TRIVIA" */ = {
			isa = XCConfigurationList;
			buildConfigurations = (
				0D4FB7812C6CF1D4004F764C /* Debug */,
				0D4FB7822C6CF1D4004F764C /* Release */,
			);
			defaultConfigurationIsVisible = 0;
			defaultConfigurationName = Release;
		};
		0D4FB7832C6CF1D4004F764C /* Build configuration list for PBXNativeTarget "TRIVIA" */ = {
			isa = XCConfigurationList;
			buildConfigurations = (
				0D4FB7842C6CF1D4004F764C /* Debug */,
				0D4FB7852C6CF1D4004F764C /* Release */,
			);
			defaultConfigurationIsVisible = 0;
			defaultConfigurationName = Release;
		};
/* End XCConfigurationList section */
	};
	rootObject = 0D4FB7672C6CF1D3004F764C /* Project object */;
}
